{
  "name": "gw",
  "lockfileVersion": 2,
  "requires": true,
  "packages": {
    "": {
      "dependencies": {
        "promise-socket": "^7.0.0"
      }
    },
    "node_modules/core-js": {
      "version": "3.15.2",
      "resolved": "https://registry.npmjs.org/core-js/-/core-js-3.15.2.tgz",
      "integrity": "sha512-tKs41J7NJVuaya8DxIOCnl8QuPHx5/ZVbFo1oKgVl1qHFBBrDctzQGtuLjPpRdNTWmKPH6oEvgN/MUID+l485Q==",
      "hasInstallScript": true,
      "funding": {
        "type": "opencollective",
        "url": "https://opencollective.com/core-js"
      }
    },
    "node_modules/promise-duplex": {
      "version": "6.0.0",
      "resolved": "https://registry.npmjs.org/promise-duplex/-/promise-duplex-6.0.0.tgz",
      "integrity": "sha512-ZL7rquzjTFzInDBeWYcsT+qddolNvzigahk6MI6qLSbQvlyRRCJkU3JztgaVunzvkH28smRa2Qu/cY9RXtSkgA==",
      "dependencies": {
        "core-js": "^3.6.5",
        "promise-readable": "^6.0.0",
        "promise-writable": "^6.0.0"
      },
      "engines": {
        "node": ">=10.0.0"
      }
    },
    "node_modules/promise-readable": {
      "version": "6.0.0",
      "resolved": "https://registry.npmjs.org/promise-readable/-/promise-readable-6.0.0.tgz",
      "integrity": "sha512-5NxtmUswijvX5cAM0zPSy6yiCXH/eKBpiiBq6JfAUrmngMquMbzcBhF2qA+ocs4rYYKdvAfv3cOvZxADLtL1CA==",
      "dependencies": {
        "core-js": "^3.6.5"
      },
      "engines": {
        "node": ">=10.0.0"
      }
    },
    "node_modules/promise-socket": {
      "version": "7.0.0",
      "resolved": "https://registry.npmjs.org/promise-socket/-/promise-socket-7.0.0.tgz",
      "integrity": "sha512-Oic9BrxmcHOPEnzKp2Js+ehFyvsbd0WxsE5khweCTHuRvdzbXjHUZmSDT6F9TW8SIkAJ0lCzoHjMYnb0WQJPiw==",
      "dependencies": {
        "promise-duplex": "^6.0.0",
        "tslib": "^2.0.1"
      },
      "engines": {
        "node": ">=10.0.0"
      }
    },
    "node_modules/promise-writable": {
      "version": "6.0.0",
      "resolved": "https://registry.npmjs.org/promise-writable/-/promise-writable-6.0.0.tgz",
      "integrity": "sha512-b81zre/itgJFS7dwWzIdKNVVqvLiUxYRS/wolUB0H1YY/tAaS146XGKa4Q/5wCbsnXLyn0MCeV6f8HHe4iUHLg==",
      "engines": {
        "node": ">=10.0.0"
      }
    },
    "node_modules/tslib": {
      "version": "2.3.0",
      "resolved": "https://registry.npmjs.org/tslib/-/tslib-2.3.0.tgz",
      "integrity": "sha512-N82ooyxVNm6h1riLCoyS9e3fuJ3AMG2zIZs2Gd1ATcSFjSA23Q0fzjjZeh0jbJvWVDZ0cJT8yaNNaaXHzueNjg=="
    }
  },
  "dependencies": {
    "core-js": {
      "version": "3.15.2",
      "resolved": "https://registry.npmjs.org/core-js/-/core-js-3.15.2.tgz",
      "integrity": "sha512-tKs41J7NJVuaya8DxIOCnl8QuPHx5/ZVbFo1oKgVl1qHFBBrDctzQGtuLjPpRdNTWmKPH6oEvgN/MUID+l485Q=="
    },
    "promise-duplex": {
      "version": "6.0.0",
      "resolved": "https://registry.npmjs.org/promise-duplex/-/promise-duplex-6.0.0.tgz",
      "integrity": "sha512-ZL7rquzjTFzInDBeWYcsT+qddolNvzigahk6MI6qLSbQvlyRRCJkU3JztgaVunzvkH28smRa2Qu/cY9RXtSkgA==",
      "requires": {
        "core-js": "^3.6.5",
        "promise-readable": "^6.0.0",
        "promise-writable": "^6.0.0"
      }
    },
    "promise-readable": {
      "version": "6.0.0",
      "resolved": "https://registry.npmjs.org/promise-readable/-/promise-readable-6.0.0.tgz",
      "integrity": "sha512-5NxtmUswijvX5cAM0zPSy6yiCXH/eKBpiiBq6JfAUrmngMquMbzcBhF2qA+ocs4rYYKdvAfv3cOvZxADLtL1CA==",
      "requires": {
        "core-js": "^3.6.5"
      }
    },
    "promise-socket": {
      "version": "7.0.0",
      "resolved": "https://registry.npmjs.org/promise-socket/-/promise-socket-7.0.0.tgz",
      "integrity": "sha512-Oic9BrxmcHOPEnzKp2Js+ehFyvsbd0WxsE5khweCTHuRvdzbXjHUZmSDT6F9TW8SIkAJ0lCzoHjMYnb0WQJPiw==",
      "requires": {
        "promise-duplex": "^6.0.0",
        "tslib": "^2.0.1"
      }
    },
    "promise-writable": {
      "version": "6.0.0",
      "resolved": "https://registry.npmjs.org/promise-writable/-/promise-writable-6.0.0.tgz",
      "integrity": "sha512-b81zre/itgJFS7dwWzIdKNVVqvLiUxYRS/wolUB0H1YY/tAaS146XGKa4Q/5wCbsnXLyn0MCeV6f8HHe4iUHLg=="
    },
    "tslib": {
      "version": "2.3.0",
      "resolved": "https://registry.npmjs.org/tslib/-/tslib-2.3.0.tgz",
      "integrity": "sha512-N82ooyxVNm6h1riLCoyS9e3fuJ3AMG2zIZs2Gd1ATcSFjSA23Q0fzjjZeh0jbJvWVDZ0cJT8yaNNaaXHzueNjg=="
    }
  }
}
